// !$*UTF8*$!
{
	archiveVersion = 1;
	classes = {
	};
	objectVersion = 46;
	objects = {

/* Begin PBXBuildFile section */
		C0FD1EF11E826A1200261EAE /* main.m in Sources */ = {isa = PBXBuildFile; fileRef = C0FD1EF01E826A1200261EAE /* main.m */; };
		C0FD1EFE1E826A1F00261EAE /* main.m in Sources */ = {isa = PBXBuildFile; fileRef = C0FD1EFD1E826A1F00261EAE /* main.m */; };
		C0FD1F041E826A5000261EAE /* MYClass.m in Sources */ = {isa = PBXBuildFile; fileRef = C0FD1F031E826A5000261EAE /* MYClass.m */; };
		C0FD1F0C1E826A9200261EAE /* main.m in Sources */ = {isa = PBXBuildFile; fileRef = C0FD1F0B1E826A9200261EAE /* main.m */; };
/* End PBXBuildFile section */

/* Begin PBXCopyFilesBuildPhase section */
		C0FD1EEB1E826A1200261EAE /* CopyFiles */ = {
			isa = PBXCopyFilesBuildPhase;
			buildActionMask = 2147483647;
			dstPath = /usr/share/man/man1/;
			dstSubfolderSpec = 0;
			files = (
			);
			runOnlyForDeploymentPostprocessing = 1;
		};
		C0FD1EF91E826A1F00261EAE /* CopyFiles */ = {
			isa = PBXCopyFilesBuildPhase;
			buildActionMask = 2147483647;
			dstPath = /usr/share/man/man1/;
			dstSubfolderSpec = 0;
			files = (
			);
			runOnlyForDeploymentPostprocessing = 1;
		};
		C0FD1F071E826A9200261EAE /* CopyFiles */ = {
			isa = PBXCopyFilesBuildPhase;
			buildActionMask = 2147483647;
			dstPath = /usr/share/man/man1/;
			dstSubfolderSpec = 0;
			files = (
			);
			runOnlyForDeploymentPostprocessing = 1;
		};
/* End PBXCopyFilesBuildPhase section */

/* Begin PBXFileReference section */
		C0FD1EED1E826A1200261EAE /* 3.4.1 */ = {isa = PBXFileReference; explicitFileType = "compiled.mach-o.executable"; includeInIndex = 0; path = 3.4.1; sourceTree = BUILT_PRODUCTS_DIR; };
		C0FD1EF01E826A1200261EAE /* main.m */ = {isa = PBXFileReference; lastKnownFileType = sourcecode.c.objc; path = main.m; sourceTree = "<group>"; };
		C0FD1EFB1E826A1F00261EAE /* 分配内存空间alloc */ = {isa = PBXFileReference; explicitFileType = "compiled.mach-o.executable"; includeInIndex = 0; path = "分配内存空间alloc"; sourceTree = BUILT_PRODUCTS_DIR; };
		C0FD1EFD1E826A1F00261EAE /* main.m */ = {isa = PBXFileReference; lastKnownFileType = sourcecode.c.objc; path = main.m; sourceTree = "<group>"; };
		C0FD1F021E826A5000261EAE /* MYClass.h */ = {isa = PBXFileReference; fileEncoding = 4; lastKnownFileType = sourcecode.c.h; path = MYClass.h; sourceTree = "<group>"; };
		C0FD1F031E826A5000261EAE /* MYClass.m */ = {isa = PBXFileReference; fileEncoding = 4; lastKnownFileType = sourcecode.c.objc; path = MYClass.m; sourceTree = "<group>"; };
		C0FD1F091E826A9200261EAE /* 类方法 */ = {isa = PBXFileReference; explicitFileType = "compiled.mach-o.executable"; includeInIndex = 0; path = "类方法"; sourceTree = BUILT_PRODUCTS_DIR; };
		C0FD1F0B1E826A9200261EAE /* main.m */ = {isa = PBXFileReference; lastKnownFileType = sourcecode.c.objc; path = main.m; sourceTree = "<group>"; };
/* End PBXFileReference section */

/* Begin PBXFrameworksBuildPhase section */
		C0FD1EEA1E826A1200261EAE /* Frameworks */ = {
			isa = PBXFrameworksBuildPhase;
			buildActionMask = 2147483647;
			files = (
			);
			runOnlyForDeploymentPostprocessing = 0;
		};
		C0FD1EF81E826A1F00261EAE /* Frameworks */ = {
			isa = PBXFrameworksBuildPhase;
			buildActionMask = 2147483647;
			files = (
			);
			runOnlyForDeploymentPostprocessing = 0;
		};
		C0FD1F061E826A9200261EAE /* Frameworks */ = {
			isa = PBXFrameworksBuildPhase;
			buildActionMask = 2147483647;
			files = (
			);
			runOnlyForDeploymentPostprocessing = 0;
		};
/* End PBXFrameworksBuildPhase section */

/* Begin PBXGroup section */
		C0FD1EE41E826A1200261EAE = {
			isa = PBXGroup;
			children = (
				C0FD1EEF1E826A1200261EAE /* 3.4.1 */,
				C0FD1EFC1E826A1F00261EAE /* 分配内存空间alloc */,
				C0FD1F0A1E826A9200261EAE /* 类方法 */,
				C0FD1EEE1E826A1200261EAE /* Products */,
			);
			sourceTree = "<group>";
		};
		C0FD1EEE1E826A1200261EAE /* Products */ = {
			isa = PBXGroup;
			children = (
				C0FD1EED1E826A1200261EAE /* 3.4.1 */,
				C0FD1EFB1E826A1F00261EAE /* 分配内存空间alloc */,
				C0FD1F091E826A9200261EAE /* 类方法 */,
			);
			name = Products;
			sourceTree = "<group>";
		};
		C0FD1EEF1E826A1200261EAE /* 3.4.1 */ = {
			isa = PBXGroup;
			children = (
				C0FD1EF01E826A1200261EAE /* main.m */,
			);
			path = 3.4.1;
			sourceTree = "<group>";
		};
		C0FD1EFC1E826A1F00261EAE /* 分配内存空间alloc */ = {
			isa = PBXGroup;
			children = (
				C0FD1EFD1E826A1F00261EAE /* main.m */,
				C0FD1F021E826A5000261EAE /* MYClass.h */,
				C0FD1F031E826A5000261EAE /* MYClass.m */,
			);
			path = "分配内存空间alloc";
			sourceTree = "<group>";
		};
		C0FD1F0A1E826A9200261EAE /* 类方法 */ = {
			isa = PBXGroup;
			children = (
				C0FD1F0B1E826A9200261EAE /* main.m */,
			);
			path = "类方法";
			sourceTree = "<group>";
		};
/* End PBXGroup section */

/* Begin PBXNativeTarget section */
		C0FD1EEC1E826A1200261EAE /* 3.4.1 */ = {
			isa = PBXNativeTarget;
			buildConfigurationList = C0FD1EF41E826A1200261EAE /* Build configuration list for PBXNativeTarget "3.4.1" */;
			buildPhases = (
				C0FD1EE91E826A1200261EAE /* Sources */,
				C0FD1EEA1E826A1200261EAE /* Frameworks */,
				C0FD1EEB1E826A1200261EAE /* CopyFiles */,
			);
			buildRules = (
			);
			dependencies = (
			);
			name = 3.4.1;
			productName = 3.4.1;
			productReference = C0FD1EED1E826A1200261EAE /* 3.4.1 */;
			productType = "com.apple.product-type.tool";
		};
		C0FD1EFA1E826A1F00261EAE /* 分配内存空间alloc */ = {
			isa = PBXNativeTarget;
			buildConfigurationList = C0FD1EFF1E826A1F00261EAE /* Build configuration list for PBXNativeTarget "分配内存空间alloc" */;
			buildPhases = (
				C0FD1EF71E826A1F00261EAE /* Sources */,
				C0FD1EF81E826A1F00261EAE /* Frameworks */,
				C0FD1EF91E826A1F00261EAE /* CopyFiles */,
			);
			buildRules = (
			);
			dependencies = (
			);
			name = "分配内存空间alloc";
			productName = "分配内存空间alloc";
			productReference = C0FD1EFB1E826A1F00261EAE /* 分配内存空间alloc */;
			productType = "com.apple.product-type.tool";
		};
		C0FD1F081E826A9200261EAE /* 类方法 */ = {
			isa = PBXNativeTarget;
			buildConfigurationList = C0FD1F0F1E826A9200261EAE /* Build configuration list for PBXNativeTarget "类方法" */;
			buildPhases = (
				C0FD1F051E826A9200261EAE /* Sources */,
				C0FD1F061E826A9200261EAE /* Frameworks */,
				C0FD1F071E826A9200261EAE /* CopyFiles */,
			);
			buildRules = (
			);
			dependencies = (
			);
			name = "类方法";
			productName = "类方法";
			productReference = C0FD1F091E826A9200261EAE /* 类方法 */;
			productType = "com.apple.product-type.tool";
		};
/* End PBXNativeTarget section */

/* Begin PBXProject section */
		C0FD1EE51E826A1200261EAE /* Project object */ = {
			isa = PBXProject;
			attributes = {
				LastUpgradeCheck = 0820;
				ORGANIZATIONNAME = Liz;
				TargetAttributes = {
					C0FD1EEC1E826A1200261EAE = {
						CreatedOnToolsVersion = 8.2;
						ProvisioningStyle = Automatic;
					};
					C0FD1EFA1E826A1F00261EAE = {
						CreatedOnToolsVersion = 8.2;
						ProvisioningStyle = Automatic;
					};
					C0FD1F081E826A9200261EAE = {
						CreatedOnToolsVersion = 8.2;
						ProvisioningStyle = Automatic;
					};
				};
			};
			buildConfigurationList = C0FD1EE81E826A1200261EAE /* Build configuration list for PBXProject "3.4.1" */;
			compatibilityVersion = "Xcode 3.2";
			developmentRegion = English;
			hasScannedForEncodings = 0;
			knownRegions = (
				en,
			);
			mainGroup = C0FD1EE41E826A1200261EAE;
			productRefGroup = C0FD1EEE1E826A1200261EAE /* Products */;
			projectDirPath = "";
			projectRoot = "";
			targets = (
				C0FD1EEC1E826A1200261EAE /* 3.4.1 */,
				C0FD1EFA1E826A1F00261EAE /* 分配内存空间alloc */,
				C0FD1F081E826A9200261EAE /* 类方法 */,
			);
		};
/* End PBXProject section */

/* Begin PBXSourcesBuildPhase section */
		C0FD1EE91E826A1200261EAE /* Sources */ = {
			isa = PBXSourcesBuildPhase;
			buildActionMask = 2147483647;
			files = (
				C0FD1EF11E826A1200261EAE /* main.m in Sources */,
			);
			runOnlyForDeploymentPostprocessing = 0;
		};
		C0FD1EF71E826A1F00261EAE /* Sources */ = {
			isa = PBXSourcesBuildPhase;
			buildActionMask = 2147483647;
			files = (
				C0FD1F041E826A5000261EAE /* MYClass.m in Sources */,
				C0FD1EFE1E826A1F00261EAE /* main.m in Sources */,
			);
			runOnlyForDeploymentPostprocessing = 0;
		};
		C0FD1F051E826A9200261EAE /* Sources */ = {
			isa = PBXSourcesBuildPhase;
			buildActionMask = 2147483647;
			files = (
				C0FD1F0C1E826A9200261EAE /* main.m in Sources */,
			);
			runOnlyForDeploymentPostprocessing = 0;
		};
/* End PBXSourcesBuildPhase section */

/* Begin XCBuildConfiguration section */
		C0FD1EF21E826A1200261EAE /* Debug */ = {
			isa = XCBuildConfiguration;
			buildSettings = {
				ALWAYS_SEARCH_USER_PATHS = NO;
				CLANG_ANALYZER_NONNULL = YES;
				CLANG_CXX_LANGUAGE_STANDARD = "gnu++0x";
				CLANG_CXX_LIBRARY = "libc++";
				CLANG_ENABLE_MODULES = YES;
				CLANG_ENABLE_OBJC_ARC = YES;
				CLANG_WARN_BOOL_CONVERSION = YES;
				CLANG_WARN_CONSTANT_CONVERSION = YES;
				CLANG_WARN_DIRECT_OBJC_ISA_USAGE = YES_ERROR;
				CLANG_WARN_DOCUMENTATION_COMMENTS = YES;
				CLANG_WARN_EMPTY_BODY = YES;
				CLANG_WARN_ENUM_CONVERSION = YES;
				CLANG_WARN_INFINITE_RECURSION = YES;
				CLANG_WARN_INT_CONVERSION = YES;
				CLANG_WARN_OBJC_ROOT_CLASS = YES_ERROR;
				CLANG_WARN_SUSPICIOUS_MOVE = YES;
				CLANG_WARN_UNREACHABLE_CODE = YES;
				CLANG_WARN__DUPLICATE_METHOD_MATCH = YES;
				CODE_SIGN_IDENTITY = "-";
				COPY_PHASE_STRIP = NO;
				DEBUG_INFORMATION_FORMAT = dwarf;
				ENABLE_STRICT_OBJC_MSGSEND = YES;
				ENABLE_TESTABILITY = YES;
				GCC_C_LANGUAGE_STANDARD = gnu99;
				GCC_DYNAMIC_NO_PIC = NO;
				GCC_NO_COMMON_BLOCKS = YES;
				GCC_OPTIMIZATION_LEVEL = 0;
				GCC_PREPROCESSOR_DEFINITIONS = (
					"DEBUG=1",
					"$(inherited)",
				);
				GCC_WARN_64_TO_32_BIT_CONVERSION = YES;
				GCC_WARN_ABOUT_RETURN_TYPE = YES_ERROR;
				GCC_WARN_UNDECLARED_SELECTOR = YES;
				GCC_WARN_UNINITIALIZED_AUTOS = YES_AGGRESSIVE;
				GCC_WARN_UNUSED_FUNCTION = YES;
				GCC_WARN_UNUSED_VARIABLE = YES;
				MACOSX_DEPLOYMENT_TARGET = 10.12;
				MTL_ENABLE_DEBUG_INFO = YES;
				ONLY_ACTIVE_ARCH = YES;
				SDKROOT = macosx;
			};
			name = Debug;
		};
		C0FD1EF31E826A1200261EAE /* Release */ = {
			isa = XCBuildConfiguration;
			buildSettings = {
				ALWAYS_SEARCH_USER_PATHS = NO;
				CLANG_ANALYZER_NONNULL = YES;
				CLANG_CXX_LANGUAGE_STANDARD = "gnu++0x";
				CLANG_CXX_LIBRARY = "libc++";
				CLANG_ENABLE_MODULES = YES;
				CLANG_ENABLE_OBJC_ARC = YES;
				CLANG_WARN_BOOL_CONVERSION = YES;
				CLANG_WARN_CONSTANT_CONVERSION = YES;
				CLANG_WARN_DIRECT_OBJC_ISA_USAGE = YES_ERROR;
				CLANG_WARN_DOCUMENTATION_COMMENTS = YES;
				CLANG_WARN_EMPTY_BODY = YES;
				CLANG_WARN_ENUM_CONVERSION = YES;
				CLANG_WARN_INFINITE_RECURSION = YES;
				CLANG_WARN_INT_CONVERSION = YES;
				CLANG_WARN_OBJC_ROOT_CLASS = YES_ERROR;
				CLANG_WARN_SUSPICIOUS_MOVE = YES;
				CLANG_WARN_UNREACHABLE_CODE = YES;
				CLANG_WARN__DUPLICATE_METHOD_MATCH = YES;
				CODE_SIGN_IDENTITY = "-";
				COPY_PHASE_STRIP = NO;
				DEBUG_INFORMATION_FORMAT = "dwarf-with-dsym";
				ENABLE_NS_ASSERTIONS = NO;
				ENABLE_STRICT_OBJC_MSGSEND = YES;
				GCC_C_LANGUAGE_STANDARD = gnu99;
				GCC_NO_COMMON_BLOCKS = YES;
				GCC_WARN_64_TO_32_BIT_CONVERSION = YES;
				GCC_WARN_ABOUT_RETURN_TYPE = YES_ERROR;
				GCC_WARN_UNDECLARED_SELECTOR = YES;
				GCC_WARN_UNINITIALIZED_AUTOS = YES_AGGRESSIVE;
				GCC_WARN_UNUSED_FUNCTION = YES;
				GCC_WARN_UNUSED_VARIABLE = YES;
				MACOSX_DEPLOYMENT_TARGET = 10.12;
				MTL_ENABLE_DEBUG_INFO = NO;
				SDKROOT = macosx;
			};
			name = Release;
		};
		C0FD1EF51E826A1200261EAE /* Debug */ = {
			isa = XCBuildConfiguration;
			buildSettings = {
				PRODUCT_NAME = "$(TARGET_NAME)";
			};
			name = Debug;
		};
		C0FD1EF61E826A1200261EAE /* Release */ = {
			isa = XCBuildConfiguration;
			buildSettings = {
				PRODUCT_NAME = "$(TARGET_NAME)";
			};
			name = Release;
		};
		C0FD1F001E826A1F00261EAE /* Debug */ = {
			isa = XCBuildConfiguration;
			buildSettings = {
				PRODUCT_NAME = "$(TARGET_NAME)";
			};
			name = Debug;
		};
		C0FD1F011E826A1F00261EAE /* Release */ = {
			isa = XCBuildConfiguration;
			buildSettings = {
				PRODUCT_NAME = "$(TARGET_NAME)";
			};
			name = Release;
		};
		C0FD1F0D1E826A9200261EAE /* Debug */ = {
			isa = XCBuildConfiguration;
			buildSettings = {
				PRODUCT_NAME = "$(TARGET_NAME)";
			};
			name = Debug;
		};
		C0FD1F0E1E826A9200261EAE /* Release */ = {
			isa = XCBuildConfiguration;
			buildSettings = {
				PRODUCT_NAME = "$(TARGET_NAME)";
			};
			name = Release;
		};
/* End XCBuildConfiguration section */

/* Begin XCConfigurationList section */
		C0FD1EE81E826A1200261EAE /* Build configuration list for PBXProject "3.4.1" */ = {
			isa = XCConfigurationList;
			buildConfigurations = (
				C0FD1EF21E826A1200261EAE /* Debug */,
				C0FD1EF31E826A1200261EAE /* Release */,
			);
			defaultConfigurationIsVisible = 0;
			defaultConfigurationName = Release;
		};
		C0FD1EF41E826A1200261EAE /* Build configuration list for PBXNativeTarget "3.4.1" */ = {
			isa = XCConfigurationList;
			buildConfigurations = (
				C0FD1EF51E826A1200261EAE /* Debug */,
				C0FD1EF61E826A1200261EAE /* Release */,
			);
			defaultConfigurationIsVisible = 0;
			defaultConfigurationName = Release;
		};
		C0FD1EFF1E826A1F00261EAE /* Build configuration list for PBXNativeTarget "分配内存空间alloc" */ = {
			isa = XCConfigurationList;
			buildConfigurations = (
				C0FD1F001E826A1F00261EAE /* Debug */,
				C0FD1F011E826A1F00261EAE /* Release */,
			);
			defaultConfigurationIsVisible = 0;
			defaultConfigurationName = Release;
		};
		C0FD1F0F1E826A9200261EAE /* Build configuration list for PBXNativeTarget "类方法" */ = {
			isa = XCConfigurationList;
			buildConfigurations = (
				C0FD1F0D1E826A9200261EAE /* Debug */,
				C0FD1F0E1E826A9200261EAE /* Release */,
			);
			defaultConfigurationIsVisible = 0;
		};
/* End XCConfigurationList section */
	};
	rootObject = C0FD1EE51E826A1200261EAE /* Project object */;
}
